// !$*UTF8*$!
{
	archiveVersion = 1;
	classes = {
	};
	objectVersion = 77;
	objects = {

/* Begin PBXBuildFile section */
		AA0000040000000000000002 /* mqtee_core.xcframework in Frameworks */ = {isa = PBXBuildFile; fileRef = AA0000040000000000000001 /* mqtee_core.xcframework */; };
/* End PBXBuildFile section */

/* Begin PBXContainerItemProxy section */
		AA000001000000000000000B /* PBXContainerItemProxy */ = {
			isa = PBXContainerItemProxy;
			containerPortal = 0727A7DE2F3ED9E500C50940 /* Project object */;
			proxyType = 1;
			remoteGlobalIDString = 0727A7E52F3ED9E500C50940;
			remoteInfo = mqtee;
		};
		AA000002000000000000000B /* PBXContainerItemProxy */ = {
			isa = PBXContainerItemProxy;
			containerPortal = 0727A7DE2F3ED9E500C50940 /* Project object */;
			proxyType = 1;
			remoteGlobalIDString = 0727A7E52F3ED9E500C50940;
			remoteInfo = mqtee;
		};
		AA000003000000000000000B /* PBXContainerItemProxy */ = {
			isa = PBXContainerItemProxy;
			containerPortal = 0727A7DE2F3ED9E500C50940 /* Project object */;
			proxyType = 1;
			remoteGlobalIDString = 0727A7E52F3ED9E500C50940;
			remoteInfo = mqtee;
		};
/* End PBXContainerItemProxy section */

/* Begin PBXFileReference section */
		0727A7E62F3ED9E500C50940 /* MQTee.app */ = {isa = PBXFileReference; explicitFileType = wrapper.application; includeInIndex = 0; path = MQTee.app; sourceTree = BUILT_PRODUCTS_DIR; };
		AA0000010000000000000001 /* mqteeTests.xctest */ = {isa = PBXFileReference; explicitFileType = wrapper.cfbundle; includeInIndex = 0; path = mqteeTests.xctest; sourceTree = BUILT_PRODUCTS_DIR; };
		AA0000020000000000000001 /* mqteeUITests.xctest */ = {isa = PBXFileReference; explicitFileType = wrapper.cfbundle; includeInIndex = 0; path = mqteeUITests.xctest; sourceTree = BUILT_PRODUCTS_DIR; };
		AA0000030000000000000001 /* mqteeIntegrationTests.xctest */ = {isa = PBXFileReference; explicitFileType = wrapper.cfbundle; includeInIndex = 0; path = mqteeIntegrationTests.xctest; sourceTree = BUILT_PRODUCTS_DIR; };
		AA0000040000000000000001 /* mqtee_core.xcframework */ = {isa = PBXFileReference; lastKnownFileType = wrapper.xcframework; name = mqtee_core.xcframework; path = MQTeeCore/mqtee_core.xcframework; sourceTree = SOURCE_ROOT; };
/* End PBXFileReference section */

/* Begin PBXFileSystemSynchronizedRootGroup section */
		0727A7E82F3ED9E500C50940 /* mqtee */ = {
			isa = PBXFileSystemSynchronizedRootGroup;
			path = mqtee;
			sourceTree = "<group>";
		};
		AA0000010000000000000002 /* mqteeTests */ = {
			isa = PBXFileSystemSynchronizedRootGroup;
			path = mqteeTests;
			sourceTree = "<group>";
		};
		AA0000020000000000000002 /* mqteeUITests */ = {
			isa = PBXFileSystemSynchronizedRootGroup;
			path = mqteeUITests;
			sourceTree = "<group>";
		};
		AA0000030000000000000002 /* mqteeIntegrationTests */ = {
			isa = PBXFileSystemSynchronizedRootGroup;
			path = mqteeIntegrationTests;
			sourceTree = "<group>";
		};
/* End PBXFileSystemSynchronizedRootGroup section */

/* Begin PBXFrameworksBuildPhase section */
		0727A7E32F3ED9E500C50940 /* Frameworks */ = {
			isa = PBXFrameworksBuildPhase;
			buildActionMask = 2147483647;
			files = (
				AA0000040000000000000002 /* mqtee_core.xcframework in Frameworks */,
			);
			runOnlyForDeploymentPostprocessing = 0;
		};
		AA0000010000000000000005 /* Frameworks */ = {
			isa = PBXFrameworksBuildPhase;
			buildActionMask = 2147483647;
			files = (
			);
			runOnlyForDeploymentPostprocessing = 0;
		};
		AA0000020000000000000005 /* Frameworks */ = {
			isa = PBXFrameworksBuildPhase;
			buildActionMask = 2147483647;
			files = (
			);
			runOnlyForDeploymentPostprocessing = 0;
		};
		AA0000030000000000000005 /* Frameworks */ = {
			isa = PBXFrameworksBuildPhase;
			buildActionMask = 2147483647;
			files = (
			);
			runOnlyForDeploymentPostprocessing = 0;
		};
/* End PBXFrameworksBuildPhase section */

/* Begin PBXGroup section */
		0727A7DD2F3ED9E500C50940 = {
			isa = PBXGroup;
			children = (
				0727A7E82F3ED9E500C50940 /* mqtee */,
				AA0000010000000000000002 /* mqteeTests */,
				AA0000020000000000000002 /* mqteeUITests */,
				AA0000030000000000000002 /* mqteeIntegrationTests */,
				AA0000040000000000000001 /* mqtee_core.xcframework */,
				0727A7E72F3ED9E500C50940 /* Products */,
			);
			sourceTree = "<group>";
		};
		0727A7E72F3ED9E500C50940 /* Products */ = {
			isa = PBXGroup;
			children = (
				0727A7E62F3ED9E500C50940 /* MQTee.app */,
				AA0000010000000000000001 /* mqteeTests.xctest */,
				AA0000020000000000000001 /* mqteeUITests.xctest */,
				AA0000030000000000000001 /* mqteeIntegrationTests.xctest */,
			);
			name = Products;
			sourceTree = "<group>";
		};
/* End PBXGroup section */

/* Begin PBXNativeTarget section */
		0727A7E52F3ED9E500C50940 /* mqtee */ = {
			isa = PBXNativeTarget;
			buildConfigurationList = 0727A7F12F3ED9E600C50940 /* Build configuration list for PBXNativeTarget "mqtee" */;
			buildPhases = (
				0727A7E22F3ED9E500C50940 /* Sources */,
				0727A7E32F3ED9E500C50940 /* Frameworks */,
				0727A7E42F3ED9E500C50940 /* Resources */,
			);
			buildRules = (
			);
			dependencies = (
			);
			fileSystemSynchronizedGroups = (
				0727A7E82F3ED9E500C50940 /* mqtee */,
			);
			name = mqtee;
			packageProductDependencies = (
			);
			productName = mqtee;
			productReference = 0727A7E62F3ED9E500C50940 /* MQTee.app */;
			productType = "com.apple.product-type.application";
		};
		AA0000010000000000000003 /* mqteeTests */ = {
			isa = PBXNativeTarget;
			buildConfigurationList = AA0000010000000000000009 /* Build configuration list for PBXNativeTarget "mqteeTests" */;
			buildPhases = (
				AA0000010000000000000004 /* Sources */,
				AA0000010000000000000005 /* Frameworks */,
				AA0000010000000000000006 /* Resources */,
			);
			buildRules = (
			);
			dependencies = (
				AA000001000000000000000A /* PBXTargetDependency */,
			);
			fileSystemSynchronizedGroups = (
				AA0000010000000000000002 /* mqteeTests */,
			);
			name = mqteeTests;
			packageProductDependencies = (
			);
			productName = mqteeTests;
			productReference = AA0000010000000000000001 /* mqteeTests.xctest */;
			productType = "com.apple.product-type.bundle.unit-test";
		};
		AA0000020000000000000003 /* mqteeUITests */ = {
			isa = PBXNativeTarget;
			buildConfigurationList = AA0000020000000000000009 /* Build configuration list for PBXNativeTarget "mqteeUITests" */;
			buildPhases = (
				AA0000020000000000000004 /* Sources */,
				AA0000020000000000000005 /* Frameworks */,
				AA0000020000000000000006 /* Resources */,
			);
			buildRules = (
			);
			dependencies = (
				AA000002000000000000000A /* PBXTargetDependency */,
			);
			fileSystemSynchronizedGroups = (
				AA0000020000000000000002 /* mqteeUITests */,
			);
			name = mqteeUITests;
			packageProductDependencies = (
			);
			productName = mqteeUITests;
			productReference = AA0000020000000000000001 /* mqteeUITests.xctest */;
			productType = "com.apple.product-type.bundle.ui-testing";
		};
		AA0000030000000000000003 /* mqteeIntegrationTests */ = {
			isa = PBXNativeTarget;
			buildConfigurationList = AA0000030000000000000009 /* Build configuration list for PBXNativeTarget "mqteeIntegrationTests" */;
			buildPhases = (
				AA0000030000000000000004 /* Sources */,
				AA0000030000000000000005 /* Frameworks */,
				AA0000030000000000000006 /* Resources */,
			);
			buildRules = (
			);
			dependencies = (
				AA000003000000000000000A /* PBXTargetDependency */,
			);
			fileSystemSynchronizedGroups = (
				AA0000030000000000000002 /* mqteeIntegrationTests */,
			);
			name = mqteeIntegrationTests;
			packageProductDependencies = (
			);
			productName = mqteeIntegrationTests;
			productReference = AA0000030000000000000001 /* mqteeIntegrationTests.xctest */;
			productType = "com.apple.product-type.bundle.unit-test";
		};
/* End PBXNativeTarget section */

/* Begin PBXProject section */
		0727A7DE2F3ED9E500C50940 /* Project object */ = {
			isa = PBXProject;
			attributes = {
				BuildIndependentTargetsInParallel = 1;
				LastSwiftUpdateCheck = 2630;
				LastUpgradeCheck = 2630;
				TargetAttributes = {
					0727A7E52F3ED9E500C50940 = {
						CreatedOnToolsVersion = 26.3;
					};
					AA0000010000000000000003 = {
						CreatedOnToolsVersion = 26.3;
						TestTargetID = 0727A7E52F3ED9E500C50940;
					};
					AA0000020000000000000003 = {
						CreatedOnToolsVersion = 26.3;
						TestTargetID = 0727A7E52F3ED9E500C50940;
					};
					AA0000030000000000000003 = {
						CreatedOnToolsVersion = 26.3;
						TestTargetID = 0727A7E52F3ED9E500C50940;
					};
				};
			};
			buildConfigurationList = 0727A7E12F3ED9E500C50940 /* Build configuration list for PBXProject "mqtee" */;
			developmentRegion = en;
			hasScannedForEncodings = 0;
			knownRegions = (
				en,
				Base,
			);
			mainGroup = 0727A7DD2F3ED9E500C50940;
			minimizedProjectReferenceProxies = 1;
			preferredProjectObjectVersion = 77;
			productRefGroup = 0727A7E72F3ED9E500C50940 /* Products */;
			projectDirPath = "";
			projectRoot = "";
			targets = (
				0727A7E52F3ED9E500C50940 /* mqtee */,
				AA0000010000000000000003 /* mqteeTests */,
				AA0000020000000000000003 /* mqteeUITests */,
				AA0000030000000000000003 /* mqteeIntegrationTests */,
			);
		};
/* End PBXProject section */

/* Begin PBXResourcesBuildPhase section */
		0727A7E42F3ED9E500C50940 /* Resources */ = {
			isa = PBXResourcesBuildPhase;
			buildActionMask = 2147483647;
			files = (
			);
			runOnlyForDeploymentPostprocessing = 0;
		};
		AA0000010000000000000006 /* Resources */ = {
			isa = PBXResourcesBuildPhase;
			buildActionMask = 2147483647;
			files = (
			);
			runOnlyForDeploymentPostprocessing = 0;
		};
		AA0000020000000000000006 /* Resources */ = {
			isa = PBXResourcesBuildPhase;
			buildActionMask = 2147483647;
			files = (
			);
			runOnlyForDeploymentPostprocessing = 0;
		};
		AA0000030000000000000006 /* Resources */ = {
			isa = PBXResourcesBuildPhase;
			buildActionMask = 2147483647;
			files = (
			);
			runOnlyForDeploymentPostprocessing = 0;
		};
/* End PBXResourcesBuildPhase section */

/* Begin PBXSourcesBuildPhase section */
		0727A7E22F3ED9E500C50940 /* Sources */ = {
			isa = PBXSourcesBuildPhase;
			buildActionMask = 2147483647;
			files = (
			);
			runOnlyForDeploymentPostprocessing = 0;
		};
		AA0000010000000000000004 /* Sources */ = {
			isa = PBXSourcesBuildPhase;
			buildActionMask = 2147483647;
			files = (
			);
			runOnlyForDeploymentPostprocessing = 0;
		};
		AA0000020000000000000004 /* Sources */ = {
			isa = PBXSourcesBuildPhase;
			buildActionMask = 2147483647;
			files = (
			);
			runOnlyForDeploymentPostprocessing = 0;
		};
		AA0000030000000000000004 /* Sources */ = {
			isa = PBXSourcesBuildPhase;
			buildActionMask = 2147483647;
			files = (
			);
			runOnlyForDeploymentPostprocessing = 0;
		};
/* End PBXSourcesBuildPhase section */

/* Begin PBXTargetDependency section */
		AA000001000000000000000A /* PBXTargetDependency */ = {
			isa = PBXTargetDependency;
			target = 0727A7E52F3ED9E500C50940 /* mqtee */;
			targetProxy = AA000001000000000000000B /* PBXContainerItemProxy */;
		};
		AA000002000000000000000A /* PBXTargetDependency */ = {
			isa = PBXTargetDependency;
			target = 0727A7E52F3ED9E500C50940 /* mqtee */;
			targetProxy = AA000002000000000000000B /* PBXContainerItemProxy */;
		};
		AA000003000000000000000A /* PBXTargetDependency */ = {
			isa = PBXTargetDependency;
			target = 0727A7E52F3ED9E500C50940 /* mqtee */;
			targetProxy = AA000003000000000000000B /* PBXContainerItemProxy */;
		};
/* End PBXTargetDependency section */

/* Begin XCBuildConfiguration section */
		0727A7EF2F3ED9E600C50940 /* Debug */ = {
			isa = XCBuildConfiguration;
			buildSettings = {
				ALWAYS_SEARCH_USER_PATHS = NO;
				ASSETCATALOG_COMPILER_GENERATE_SWIFT_ASSET_SYMBOL_EXTENSIONS = YES;
				CLANG_ANALYZER_NONNULL = YES;
				CLANG_ANALYZER_NUMBER_OBJECT_CONVERSION = YES_AGGRESSIVE;
				CLANG_CXX_LANGUAGE_STANDARD = "gnu++20";
				CLANG_ENABLE_MODULES = YES;
				CLANG_ENABLE_OBJC_ARC = YES;
				CLANG_ENABLE_OBJC_WEAK = YES;
				CLANG_WARN_BLOCK_CAPTURE_AUTORELEASING = YES;
				CLANG_WARN_BOOL_CONVERSION = YES;
				CLANG_WARN_COMMA = YES;
				CLANG_WARN_CONSTANT_CONVERSION = YES;
				CLANG_WARN_DEPRECATED_OBJC_IMPLEMENTATIONS = YES;
				CLANG_WARN_DIRECT_OBJC_ISA_USAGE = YES_ERROR;
				CLANG_WARN_DOCUMENTATION_COMMENTS = YES;
				CLANG_WARN_EMPTY_BODY = YES;
				CLANG_WARN_ENUM_CONVERSION = YES;
				CLANG_WARN_INFINITE_RECURSION = YES;
				CLANG_WARN_INT_CONVERSION = YES;
				CLANG_WARN_NON_LITERAL_NULL_CONVERSION = YES;
				CLANG_WARN_OBJC_IMPLICIT_RETAIN_SELF = YES;
				CLANG_WARN_OBJC_LITERAL_CONVERSION = YES;
				CLANG_WARN_OBJC_ROOT_CLASS = YES_ERROR;
				CLANG_WARN_QUOTED_INCLUDE_IN_FRAMEWORK_HEADER = YES;
				CLANG_WARN_RANGE_LOOP_ANALYSIS = YES;
				CLANG_WARN_STRICT_PROTOTYPES = YES;
				CLANG_WARN_SUSPICIOUS_MOVE = YES;
				CLANG_WARN_UNGUARDED_AVAILABILITY = YES_AGGRESSIVE;
				CLANG_WARN_UNREACHABLE_CODE = YES;
				CLANG_WARN__DUPLICATE_METHOD_MATCH = YES;
				COPY_PHASE_STRIP = NO;
				DEBUG_INFORMATION_FORMAT = dwarf;
				DEVELOPMENT_TEAM = ZGY97R7UU2;
				ENABLE_STRICT_OBJC_MSGSEND = YES;
				ENABLE_TESTABILITY = YES;
				ENABLE_USER_SCRIPT_SANDBOXING = YES;
				GCC_C_LANGUAGE_STANDARD = gnu17;
				GCC_DYNAMIC_NO_PIC = NO;
				GCC_NO_COMMON_BLOCKS = YES;
				GCC_OPTIMIZATION_LEVEL = 0;
				GCC_PREPROCESSOR_DEFINITIONS = (
					"DEBUG=1",
					"$(inherited)",
				);
				GCC_WARN_64_TO_32_BIT_CONVERSION = YES;
				GCC_WARN_ABOUT_RETURN_TYPE = YES_ERROR;
				GCC_WARN_UNDECLARED_SELECTOR = YES;
				GCC_WARN_UNINITIALIZED_AUTOS = YES_AGGRESSIVE;
				GCC_WARN_UNUSED_FUNCTION = YES;
				GCC_WARN_UNUSED_VARIABLE = YES;
				IPHONEOS_DEPLOYMENT_TARGET = 26.0;
				LOCALIZATION_PREFERS_STRING_CATALOGS = YES;
				MACOSX_DEPLOYMENT_TARGET = 26.0;
				MTL_ENABLE_DEBUG_INFO = INCLUDE_SOURCE;
				MTL_FAST_MATH = YES;
				ONLY_ACTIVE_ARCH = YES;
				SDKROOT = auto;
				SUPPORTED_PLATFORMS = "macosx iphoneos iphonesimulator";
				SWIFT_ACTIVE_COMPILATION_CONDITIONS = "DEBUG $(inherited)";
				SWIFT_OPTIMIZATION_LEVEL = "-Onone";
			};
			name = Debug;
		};
		0727A7F02F3ED9E600C50940 /* Release */ = {
			isa = XCBuildConfiguration;
			buildSettings = {
				ALWAYS_SEARCH_USER_PATHS = NO;
				ASSETCATALOG_COMPILER_GENERATE_SWIFT_ASSET_SYMBOL_EXTENSIONS = YES;
				CLANG_ANALYZER_NONNULL = YES;
				CLANG_ANALYZER_NUMBER_OBJECT_CONVERSION = YES_AGGRESSIVE;
				CLANG_CXX_LANGUAGE_STANDARD = "gnu++20";
				CLANG_ENABLE_MODULES = YES;
				CLANG_ENABLE_OBJC_ARC = YES;
				CLANG_ENABLE_OBJC_WEAK = YES;
				CLANG_WARN_BLOCK_CAPTURE_AUTORELEASING = YES;
				CLANG_WARN_BOOL_CONVERSION = YES;
				CLANG_WARN_COMMA = YES;
				CLANG_WARN_CONSTANT_CONVERSION = YES;
				CLANG_WARN_DEPRECATED_OBJC_IMPLEMENTATIONS = YES;
				CLANG_WARN_DIRECT_OBJC_ISA_USAGE = YES_ERROR;
				CLANG_WARN_DOCUMENTATION_COMMENTS = YES;
				CLANG_WARN_EMPTY_BODY = YES;
				CLANG_WARN_ENUM_CONVERSION = YES;
				CLANG_WARN_INFINITE_RECURSION = YES;
				CLANG_WARN_INT_CONVERSION = YES;
				CLANG_WARN_NON_LITERAL_NULL_CONVERSION = YES;
				CLANG_WARN_OBJC_IMPLICIT_RETAIN_SELF = YES;
				CLANG_WARN_OBJC_LITERAL_CONVERSION = YES;
				CLANG_WARN_OBJC_ROOT_CLASS = YES_ERROR;
				CLANG_WARN_QUOTED_INCLUDE_IN_FRAMEWORK_HEADER = YES;
				CLANG_WARN_RANGE_LOOP_ANALYSIS = YES;
				CLANG_WARN_STRICT_PROTOTYPES = YES;
				CLANG_WARN_SUSPICIOUS_MOVE = YES;
				CLANG_WARN_UNGUARDED_AVAILABILITY = YES_AGGRESSIVE;
				CLANG_WARN_UNREACHABLE_CODE = YES;
				CLANG_WARN__DUPLICATE_METHOD_MATCH = YES;
				COPY_PHASE_STRIP = NO;
				DEBUG_INFORMATION_FORMAT = "dwarf-with-dsym";
				DEVELOPMENT_TEAM = ZGY97R7UU2;
				ENABLE_NS_ASSERTIONS = NO;
				ENABLE_STRICT_OBJC_MSGSEND = YES;
				ENABLE_USER_SCRIPT_SANDBOXING = YES;
				GCC_C_LANGUAGE_STANDARD = gnu17;
				GCC_NO_COMMON_BLOCKS = YES;
				GCC_WARN_64_TO_32_BIT_CONVERSION = YES;
				GCC_WARN_ABOUT_RETURN_TYPE = YES_ERROR;
				GCC_WARN_UNDECLARED_SELECTOR = YES;
				GCC_WARN_UNINITIALIZED_AUTOS = YES_AGGRESSIVE;
				GCC_WARN_UNUSED_FUNCTION = YES;
				GCC_WARN_UNUSED_VARIABLE = YES;
				IPHONEOS_DEPLOYMENT_TARGET = 26.0;
				LOCALIZATION_PREFERS_STRING_CATALOGS = YES;
				MACOSX_DEPLOYMENT_TARGET = 26.0;
				MTL_ENABLE_DEBUG_INFO = NO;
				MTL_FAST_MATH = YES;
				SDKROOT = auto;
				SUPPORTED_PLATFORMS = "macosx iphoneos iphonesimulator";
				SWIFT_COMPILATION_MODE = wholemodule;
			};
			name = Release;
		};
		0727A7F22F3ED9E600C50940 /* Debug */ = {
			isa = XCBuildConfiguration;
			buildSettings = {
				ASSETCATALOG_COMPILER_APPICON_NAME = AppIcon;
				ASSETCATALOG_COMPILER_GLOBAL_ACCENT_COLOR_NAME = AccentColor;
				CODE_SIGN_ENTITLEMENTS = mqtee/mqtee.entitlements;
				CODE_SIGN_STYLE = Automatic;
				COMBINE_HIDPI_IMAGES = YES;
				CURRENT_PROJECT_VERSION = 18;
				DEVELOPMENT_TEAM = ZGY97R7UU2;
				ENABLE_APP_SANDBOX = YES;
				ENABLE_HARDENED_RUNTIME = YES;
				ENABLE_INCOMING_NETWORK_CONNECTIONS = NO;
				ENABLE_OUTGOING_NETWORK_CONNECTIONS = YES;
				ENABLE_PREVIEWS = YES;
				ENABLE_RESOURCE_ACCESS_AUDIO_INPUT = NO;
				ENABLE_RESOURCE_ACCESS_BLUETOOTH = NO;
				ENABLE_RESOURCE_ACCESS_CALENDARS = NO;
				ENABLE_RESOURCE_ACCESS_CAMERA = NO;
				ENABLE_RESOURCE_ACCESS_CONTACTS = NO;
				ENABLE_RESOURCE_ACCESS_LOCATION = NO;
				ENABLE_RESOURCE_ACCESS_PRINTING = NO;
				ENABLE_RESOURCE_ACCESS_USB = NO;
				ENABLE_USER_SELECTED_FILES = readwrite;
				EXCLUDED_SOURCE_FILE_NAMES = Info.plist;
				GENERATE_INFOPLIST_FILE = YES;
				INFOPLIST_FILE = mqtee/Info.plist;
				INFOPLIST_KEY_CFBundleDisplayName = MQTee;
				INFOPLIST_KEY_CFBundleName = MQTee;
				INFOPLIST_KEY_LSApplicationCategoryType = "public.app-category.developer-tools";
				INFOPLIST_KEY_NSHumanReadableCopyright = "Copyright 2026 Felipe Lima. All rights reserved.";
				LD_RUNPATH_SEARCH_PATHS = (
					"$(inherited)",
					"@executable_path/../Frameworks",
					"@executable_path/Frameworks",
				);
				MARKETING_VERSION = 1.0;
				PRODUCT_BUNDLE_IDENTIFIER = app.mqtee;
				PRODUCT_NAME = MQTee;
				REGISTER_APP_GROUPS = YES;
				STRING_CATALOG_GENERATE_SYMBOLS = YES;
				SWIFT_APPROACHABLE_CONCURRENCY = YES;
				SWIFT_DEFAULT_ACTOR_ISOLATION = MainActor;
				SWIFT_EMIT_LOC_STRINGS = YES;
				SWIFT_UPCOMING_FEATURE_MEMBER_IMPORT_VISIBILITY = YES;
				SWIFT_VERSION = 5.0;
				TARGETED_DEVICE_FAMILY = "1,2";
			};
			name = Debug;
		};
		0727A7F32F3ED9E600C50940 /* Release */ = {
			isa = XCBuildConfiguration;
			buildSettings = {
				ASSETCATALOG_COMPILER_APPICON_NAME = AppIcon;
				ASSETCATALOG_COMPILER_GLOBAL_ACCENT_COLOR_NAME = AccentColor;
				CODE_SIGN_ENTITLEMENTS = mqtee/mqtee.entitlements;
				CODE_SIGN_STYLE = Automatic;
				COMBINE_HIDPI_IMAGES = YES;
				CURRENT_PROJECT_VERSION = 18;
				DEVELOPMENT_TEAM = ZGY97R7UU2;
				ENABLE_APP_SANDBOX = YES;
				ENABLE_HARDENED_RUNTIME = YES;
				ENABLE_INCOMING_NETWORK_CONNECTIONS = NO;
				ENABLE_OUTGOING_NETWORK_CONNECTIONS = YES;
				ENABLE_PREVIEWS = YES;
				ENABLE_RESOURCE_ACCESS_AUDIO_INPUT = NO;
				ENABLE_RESOURCE_ACCESS_BLUETOOTH = NO;
				ENABLE_RESOURCE_ACCESS_CALENDARS = NO;
				ENABLE_RESOURCE_ACCESS_CAMERA = NO;
				ENABLE_RESOURCE_ACCESS_CONTACTS = NO;
				ENABLE_RESOURCE_ACCESS_LOCATION = NO;
				ENABLE_RESOURCE_ACCESS_PRINTING = NO;
				ENABLE_RESOURCE_ACCESS_USB = NO;
				ENABLE_USER_SELECTED_FILES = readwrite;
				EXCLUDED_SOURCE_FILE_NAMES = Info.plist;
				GENERATE_INFOPLIST_FILE = YES;
				INFOPLIST_FILE = mqtee/Info.plist;
				INFOPLIST_KEY_CFBundleDisplayName = MQTee;
				INFOPLIST_KEY_CFBundleName = MQTee;
				INFOPLIST_KEY_LSApplicationCategoryType = "public.app-category.developer-tools";
				INFOPLIST_KEY_NSHumanReadableCopyright = "Copyright 2026 Felipe Lima. All rights reserved.";
				LD_RUNPATH_SEARCH_PATHS = (
					"$(inherited)",
					"@executable_path/../Frameworks",
					"@executable_path/Frameworks",
				);
				MARKETING_VERSION = 1.0;
				PRODUCT_BUNDLE_IDENTIFIER = app.mqtee;
				PRODUCT_NAME = MQTee;
				REGISTER_APP_GROUPS = YES;
				STRING_CATALOG_GENERATE_SYMBOLS = YES;
				SWIFT_APPROACHABLE_CONCURRENCY = YES;
				SWIFT_DEFAULT_ACTOR_ISOLATION = MainActor;
				SWIFT_EMIT_LOC_STRINGS = YES;
				SWIFT_UPCOMING_FEATURE_MEMBER_IMPORT_VISIBILITY = YES;
				SWIFT_VERSION = 5.0;
				TARGETED_DEVICE_FAMILY = "1,2";
			};
			name = Release;
		};
		AA0000010000000000000007 /* Debug */ = {
			isa = XCBuildConfiguration;
			buildSettings = {
				BUNDLE_LOADER = "$(TEST_HOST)";
				CODE_SIGN_STYLE = Automatic;
				CURRENT_PROJECT_VERSION = 18;
				DEVELOPMENT_TEAM = ZGY97R7UU2;
				GENERATE_INFOPLIST_FILE = YES;
				MARKETING_VERSION = 1.0;
				PRODUCT_BUNDLE_IDENTIFIER = app.mqteeTests;
				PRODUCT_NAME = "$(TARGET_NAME)";
				SWIFT_APPROACHABLE_CONCURRENCY = YES;
				SWIFT_DEFAULT_ACTOR_ISOLATION = MainActor;
				SWIFT_EMIT_LOC_STRINGS = NO;
				SWIFT_UPCOMING_FEATURE_MEMBER_IMPORT_VISIBILITY = YES;
				SWIFT_VERSION = 5.0;
				TEST_HOST = "$(BUILT_PRODUCTS_DIR)/MQTee.app/$(BUNDLE_EXECUTABLE_FOLDER_PATH)/MQTee";
			};
			name = Debug;
		};
		AA0000010000000000000008 /* Release */ = {
			isa = XCBuildConfiguration;
			buildSettings = {
				BUNDLE_LOADER = "$(TEST_HOST)";
				CODE_SIGN_STYLE = Automatic;
				CURRENT_PROJECT_VERSION = 18;
				DEVELOPMENT_TEAM = ZGY97R7UU2;
				GENERATE_INFOPLIST_FILE = YES;
				MARKETING_VERSION = 1.0;
				PRODUCT_BUNDLE_IDENTIFIER = app.mqteeTests;
				PRODUCT_NAME = "$(TARGET_NAME)";
				SWIFT_APPROACHABLE_CONCURRENCY = YES;
				SWIFT_DEFAULT_ACTOR_ISOLATION = MainActor;
				SWIFT_EMIT_LOC_STRINGS = NO;
				SWIFT_UPCOMING_FEATURE_MEMBER_IMPORT_VISIBILITY = YES;
				SWIFT_VERSION = 5.0;
				TEST_HOST = "$(BUILT_PRODUCTS_DIR)/MQTee.app/$(BUNDLE_EXECUTABLE_FOLDER_PATH)/MQTee";
			};
			name = Release;
		};
		AA0000020000000000000007 /* Debug */ = {
			isa = XCBuildConfiguration;
			buildSettings = {
				CODE_SIGN_STYLE = Automatic;
				CURRENT_PROJECT_VERSION = 18;
				DEVELOPMENT_TEAM = ZGY97R7UU2;
				GENERATE_INFOPLIST_FILE = YES;
				MARKETING_VERSION = 1.0;
				PRODUCT_BUNDLE_IDENTIFIER = app.mqteeUITests;
				PRODUCT_NAME = "$(TARGET_NAME)";
				SWIFT_APPROACHABLE_CONCURRENCY = YES;
				SWIFT_DEFAULT_ACTOR_ISOLATION = MainActor;
				SWIFT_EMIT_LOC_STRINGS = NO;
				SWIFT_UPCOMING_FEATURE_MEMBER_IMPORT_VISIBILITY = YES;
				SWIFT_VERSION = 5.0;
				TEST_TARGET_NAME = mqtee;
			};
			name = Debug;
		};
		AA0000020000000000000008 /* Release */ = {
			isa = XCBuildConfiguration;
			buildSettings = {
				CODE_SIGN_STYLE = Automatic;
				CURRENT_PROJECT_VERSION = 18;
				DEVELOPMENT_TEAM = ZGY97R7UU2;
				GENERATE_INFOPLIST_FILE = YES;
				MARKETING_VERSION = 1.0;
				PRODUCT_BUNDLE_IDENTIFIER = app.mqteeUITests;
				PRODUCT_NAME = "$(TARGET_NAME)";
				SWIFT_APPROACHABLE_CONCURRENCY = YES;
				SWIFT_DEFAULT_ACTOR_ISOLATION = MainActor;
				SWIFT_EMIT_LOC_STRINGS = NO;
				SWIFT_UPCOMING_FEATURE_MEMBER_IMPORT_VISIBILITY = YES;
				SWIFT_VERSION = 5.0;
				TEST_TARGET_NAME = mqtee;
			};
			name = Release;
		};
		AA0000030000000000000007 /* Debug */ = {
			isa = XCBuildConfiguration;
			buildSettings = {
				BUNDLE_LOADER = "$(TEST_HOST)";
				CODE_SIGN_STYLE = Automatic;
				CURRENT_PROJECT_VERSION = 18;
				DEVELOPMENT_TEAM = ZGY97R7UU2;
				GENERATE_INFOPLIST_FILE = YES;
				MARKETING_VERSION = 1.0;
				PRODUCT_BUNDLE_IDENTIFIER = app.mqteeIntegrationTests;
				PRODUCT_NAME = "$(TARGET_NAME)";
				SWIFT_ACTIVE_COMPILATION_CONDITIONS = "$(inherited) INTEGRATION_TESTS";
				SWIFT_APPROACHABLE_CONCURRENCY = YES;
				SWIFT_DEFAULT_ACTOR_ISOLATION = MainActor;
				SWIFT_EMIT_LOC_STRINGS = NO;
				SWIFT_UPCOMING_FEATURE_MEMBER_IMPORT_VISIBILITY = YES;
				SWIFT_VERSION = 5.0;
				TEST_HOST = "$(BUILT_PRODUCTS_DIR)/MQTee.app/$(BUNDLE_EXECUTABLE_FOLDER_PATH)/MQTee";
			};
			name = Debug;
		};
		AA0000030000000000000008 /* Release */ = {
			isa = XCBuildConfiguration;
			buildSettings = {
				BUNDLE_LOADER = "$(TEST_HOST)";
				CODE_SIGN_STYLE = Automatic;
				CURRENT_PROJECT_VERSION = 18;
				DEVELOPMENT_TEAM = ZGY97R7UU2;
				GENERATE_INFOPLIST_FILE = YES;
				MARKETING_VERSION = 1.0;
				PRODUCT_BUNDLE_IDENTIFIER = app.mqteeIntegrationTests;
				PRODUCT_NAME = "$(TARGET_NAME)";
				SWIFT_ACTIVE_COMPILATION_CONDITIONS = "$(inherited) INTEGRATION_TESTS";
				SWIFT_APPROACHABLE_CONCURRENCY = YES;
				SWIFT_DEFAULT_ACTOR_ISOLATION = MainActor;
				SWIFT_EMIT_LOC_STRINGS = NO;
				SWIFT_UPCOMING_FEATURE_MEMBER_IMPORT_VISIBILITY = YES;
				SWIFT_VERSION = 5.0;
				TEST_HOST = "$(BUILT_PRODUCTS_DIR)/MQTee.app/$(BUNDLE_EXECUTABLE_FOLDER_PATH)/MQTee";
			};
			name = Release;
		};
/* End XCBuildConfiguration section */

/* Begin XCConfigurationList section */
		0727A7E12F3ED9E500C50940 /* Build configuration list for PBXProject "mqtee" */ = {
			isa = XCConfigurationList;
			buildConfigurations = (
				0727A7EF2F3ED9E600C50940 /* Debug */,
				0727A7F02F3ED9E600C50940 /* Release */,
			);
			defaultConfigurationIsVisible = 0;
			defaultConfigurationName = Release;
		};
		0727A7F12F3ED9E600C50940 /* Build configuration list for PBXNativeTarget "mqtee" */ = {
			isa = XCConfigurationList;
			buildConfigurations = (
				0727A7F22F3ED9E600C50940 /* Debug */,
				0727A7F32F3ED9E600C50940 /* Release */,
			);
			defaultConfigurationIsVisible = 0;
			defaultConfigurationName = Release;
		};
		AA0000010000000000000009 /* Build configuration list for PBXNativeTarget "mqteeTests" */ = {
			isa = XCConfigurationList;
			buildConfigurations = (
				AA0000010000000000000007 /* Debug */,
				AA0000010000000000000008 /* Release */,
			);
			defaultConfigurationIsVisible = 0;
			defaultConfigurationName = Release;
		};
		AA0000020000000000000009 /* Build configuration list for PBXNativeTarget "mqteeUITests" */ = {
			isa = XCConfigurationList;
			buildConfigurations = (
				AA0000020000000000000007 /* Debug */,
				AA0000020000000000000008 /* Release */,
			);
			defaultConfigurationIsVisible = 0;
			defaultConfigurationName = Release;
		};
		AA0000030000000000000009 /* Build configuration list for PBXNativeTarget "mqteeIntegrationTests" */ = {
			isa = XCConfigurationList;
			buildConfigurations = (
				AA0000030000000000000007 /* Debug */,
				AA0000030000000000000008 /* Release */,
			);
			defaultConfigurationIsVisible = 0;
			defaultConfigurationName = Release;
		};
/* End XCConfigurationList section */
	};
	rootObject = 0727A7DE2F3ED9E500C50940 /* Project object */;
}
